
Microsoft Visual Studio Solution File, Format Version 12.00
# Visual Studio Version 17
VisualStudioVersion = 17.10.35013.160
MinimumVisualStudioVersion = 10.0.40219.1
Project("{FAE04EC0-301F-11D3-BF4B-00C04F79EFBC}") = "Practical_1B", "Practical_1B.csproj", "{272B4114-A2D7-4D7B-A35D-EB8CF96546FB}"
EndProject
Global
	GlobalSection(SolutionConfigurationPlatforms) = preSolution
		Debug|Any CPU = Debug|Any CPU
		Release|Any CPU = Release|Any CPU
	EndGlobalSection
	GlobalSection(ProjectConfigurationPlatforms) = postSolution
		{272B4114-A2D7-4D7B-A35D-EB8CF96546FB}.Debug|Any CPU.ActiveCfg = Debug|Any CPU
		{272B4114-A2D7-4D7B-A35D-EB8CF96546FB}.Debug|Any CPU.Build.0 = Debug|Any CPU
		{272B4114-A2D7-4D7B-A35D-EB8CF96546FB}.Release|Any CPU.ActiveCfg = Release|Any CPU
		{272B4114-A2D7-4D7B-A35D-EB8CF96546FB}.Release|Any CPU.Build.0 = Release|Any CPU
	EndGlobalSection
	GlobalSection(SolutionProperties) = preSolution
		HideSolutionNode = FALSE
	EndGlobalSection
	GlobalSection(ExtensibilityGlobals) = postSolution
		SolutionGuid = {5028BA46-D5AF-454B-B6BB-EF6EBE73DAC4}
	EndGlobalSection
EndGlobal
